dependencies:
- name: mongodb
  repository: https://charts.bitnami.com/bitnami
  version: 10.30.6
- name: kube-prometheus
  repository: https://charts.bitnami.com/bitnami
  version: 6.5.0
- name: grafana
  repository: https://charts.bitnami.com/bitnami
  version: 7.2.11
digest: sha256:b540adf5c673612a3d837281d8fb6a8a51da42e662c2ba2cfd6d686f09296c75
generated: "2021-12-13T11:29:36.673845+01:00"
