dependencies:
- name: mongodb
  repository: https://charts.bitnami.com/bitnami
  version: 10.30.6
- name: kube-prometheus
  repository: https://charts.bitnami.com/bitnami
  version: 6.5.0
- name: grafana
  repository: https://charts.bitnami.com/bitnami
  version: 7.2.11
- name: loki
  repository: https://grafana.github.io/helm-charts
  version: 2.8.1
digest: sha256:e3be937f66b1dabb63653f4b6ee55af10c6d9326cd66eda3e03db08d9b3504c1
generated: "2021-12-13T14:17:42.12708+01:00"
